
Microsoft Visual Studio Solution File, Format Version 12.00
# Visual Studio Version 17
VisualStudioVersion = 17.14.36408.4 d17.14
MinimumVisualStudioVersion = 10.0.40219.1
Project("{FAE04EC0-301F-11D3-BF4B-00C04F79EFBC}") = "ATB_serverWebApi", "ATB_serverWebApi\ATB_serverWebApi.csproj", "{8E2B7F80-1374-41A2-96BF-949E24CE3AA4}"
EndProject
Global
	GlobalSection(SolutionConfigurationPlatforms) = preSolution
		Debug|Any CPU = Debug|Any CPU
		Release|Any CPU = Release|Any CPU
	EndGlobalSection
	GlobalSection(ProjectConfigurationPlatforms) = postSolution
		{8E2B7F80-1374-41A2-96BF-949E24CE3AA4}.Debug|Any CPU.ActiveCfg = Debug|Any CPU
		{8E2B7F80-1374-41A2-96BF-949E24CE3AA4}.Debug|Any CPU.Build.0 = Debug|Any CPU
		{8E2B7F80-1374-41A2-96BF-949E24CE3AA4}.Release|Any CPU.ActiveCfg = Release|Any CPU
		{8E2B7F80-1374-41A2-96BF-949E24CE3AA4}.Release|Any CPU.Build.0 = Release|Any CPU
	EndGlobalSection
	GlobalSection(SolutionProperties) = preSolution
		HideSolutionNode = FALSE
	EndGlobalSection
	GlobalSection(ExtensibilityGlobals) = postSolution
		SolutionGuid = {23CFBB5A-5119-484A-9F02-E4401837946E}
	EndGlobalSection
EndGlobal
